{
    "name": "bsw_website_2020",
    "version": "1.0.0",
    "lockfileVersion": 1,
    "requires": true,
    "dependencies": {
        "@prettier/plugin-php": {
            "version": "0.14.2",
            "resolved": "https://registry.npmjs.org/@prettier/plugin-php/-/plugin-php-0.14.2.tgz",
            "integrity": "sha512-sG713Vb/eKtlB4rsL1+7mDD85jC2cjop8z/LE2QZHBtbopemfa4okEha01fgCqMaLJ80NBwGP9SZIwY9MR/w6w==",
            "dev": true,
            "requires": {
                "linguist-languages": "^7.5.1",
                "mem": "^6.0.1",
                "php-parser": "github:glayzzle/php-parser#5a0e2e1bf12517bd1c544c0f4e68482d0362a7b5"
            }
        },
        "bower": {
            "version": "1.8.8",
            "resolved": "https://registry.npmjs.org/bower/-/bower-1.8.8.tgz",
            "integrity": "sha512-1SrJnXnkP9soITHptSO+ahx3QKp3cVzn8poI6ujqc5SeOkg5iqM1pK9H+DSc2OQ8SnO0jC/NG4Ur/UIwy7574A=="
        },
        "linguist-languages": {
            "version": "7.9.0",
            "resolved": "https://registry.npmjs.org/linguist-languages/-/linguist-languages-7.9.0.tgz",
            "integrity": "sha512-saKTpS7BH8vOOwzrZNTkFL/DuT2JN7cg6oHWY8nAjt89+pV1qFcpbjEEcZdAv9ogc4DcxVFHkXmjeyU/DiFHQw==",
            "dev": true
        },
        "map-age-cleaner": {
            "version": "0.1.3",
            "resolved": "https://registry.npmjs.org/map-age-cleaner/-/map-age-cleaner-0.1.3.tgz",
            "integrity": "sha512-bJzx6nMoP6PDLPBFmg7+xRKeFZvFboMrGlxmNj9ClvX53KrmvM5bXFXEWjbz4cz1AFn+jWJ9z/DJSz7hrs0w3w==",
            "dev": true,
            "requires": {
                "p-defer": "^1.0.0"
            }
        },
        "mem": {
            "version": "6.1.0",
            "resolved": "https://registry.npmjs.org/mem/-/mem-6.1.0.tgz",
            "integrity": "sha512-RlbnLQgRHk5lwqTtpEkBTQ2ll/CG/iB+J4Hy2Wh97PjgZgXgWJWrFF+XXujh3UUVLvR4OOTgZzcWMMwnehlEUg==",
            "dev": true,
            "requires": {
                "map-age-cleaner": "^0.1.3",
                "mimic-fn": "^3.0.0"
            }
        },
        "mimic-fn": {
            "version": "3.0.0",
            "resolved": "https://registry.npmjs.org/mimic-fn/-/mimic-fn-3.0.0.tgz",
            "integrity": "sha512-PiVO95TKvhiwgSwg1IdLYlCTdul38yZxZMIcnDSFIBUm4BNZha2qpQ4GpJ++15bHoKDtrW2D69lMfFwdFYtNZQ==",
            "dev": true
        },
        "p-defer": {
            "version": "1.0.0",
            "resolved": "https://registry.npmjs.org/p-defer/-/p-defer-1.0.0.tgz",
            "integrity": "sha1-n26xgvbJqozXQwBKfU+WsZaw+ww=",
            "dev": true
        },
        "php-parser": {
            "version": "github:glayzzle/php-parser#5a0e2e1bf12517bd1c544c0f4e68482d0362a7b5",
            "from": "github:glayzzle/php-parser#5a0e2e1bf12517bd1c544c0f4e68482d0362a7b5",
            "dev": true
        },
        "preact": {
            "version": "10.4.7",
            "resolved": "https://registry.npmjs.org/preact/-/preact-10.4.7.tgz",
            "integrity": "sha512-DtnnPbOm7oxW7Sxf5Co+KSIOxo7bGm0vLfJN/wGey7G2sAGKnGP5+bFyE2YIgutMISQl6xFVTsOd6l/Au88VVw=="
        },
        "prettier": {
            "version": "2.0.5",
            "resolved": "https://registry.npmjs.org/prettier/-/prettier-2.0.5.tgz",
            "integrity": "sha512-7PtVymN48hGcO4fGjybyBSIWDsLU4H4XlvOHfq91pz9kkGlonzwTfYkaIEwiRg/dAJF9YlbsduBAgtYLi+8cFg==",
            "dev": true
        }
    }
}
